
Microsoft Visual Studio Solution File, Format Version 12.00
# Visual Studio Version 16
VisualStudioVersion = 16.0.30523.141
MinimumVisualStudioVersion = 10.0.40219.1
Project("{FAE04EC0-301F-11D3-BF4B-00C04F79EFBC}") = "Server_RasyidHidayatullah_074", "ServerdanClient_RasyidHidayatullah_074\Server_RasyidHidayatullah_074.csproj", "{18801489-1B18-430A-B909-9E5CDCC11ABA}"
EndProject
Project("{FAE04EC0-301F-11D3-BF4B-00C04F79EFBC}") = "Client_RasyidHidayatullah_074", "Client_RasyidHidayatullah_074\Client_RasyidHidayatullah_074.csproj", "{60D9143C-EE47-4889-8602-11B2FB025EAA}"
EndProject
Global
	GlobalSection(SolutionConfigurationPlatforms) = preSolution
		Debug|Any CPU = Debug|Any CPU
		Release|Any CPU = Release|Any CPU
	EndGlobalSection
	GlobalSection(ProjectConfigurationPlatforms) = postSolution
		{18801489-1B18-430A-B909-9E5CDCC11ABA}.Debug|Any CPU.ActiveCfg = Debug|Any CPU
		{18801489-1B18-430A-B909-9E5CDCC11ABA}.Debug|Any CPU.Build.0 = Debug|Any CPU
		{18801489-1B18-430A-B909-9E5CDCC11ABA}.Release|Any CPU.ActiveCfg = Release|Any CPU
		{18801489-1B18-430A-B909-9E5CDCC11ABA}.Release|Any CPU.Build.0 = Release|Any CPU
		{60D9143C-EE47-4889-8602-11B2FB025EAA}.Debug|Any CPU.ActiveCfg = Debug|Any CPU
		{60D9143C-EE47-4889-8602-11B2FB025EAA}.Debug|Any CPU.Build.0 = Debug|Any CPU
		{60D9143C-EE47-4889-8602-11B2FB025EAA}.Release|Any CPU.ActiveCfg = Release|Any CPU
		{60D9143C-EE47-4889-8602-11B2FB025EAA}.Release|Any CPU.Build.0 = Release|Any CPU
	EndGlobalSection
	GlobalSection(SolutionProperties) = preSolution
		HideSolutionNode = FALSE
	EndGlobalSection
	GlobalSection(ExtensibilityGlobals) = postSolution
		SolutionGuid = {8155F348-BBD8-450B-857C-4882FF8B0F54}
	EndGlobalSection
EndGlobal
